hash: 8b7617f1e193dd41439360db35061336833e9fe10c1adb32eacad40814a41572
updated: 2018-07-14T23:47:32.361518033+08:00
imports:
- name: github.com/cevaris/ordered_map
  version: 0efaee1733e3399a3cb88fc7d2ce340bf2e863d7
- name: github.com/go-sql-driver/mysql
  version: d523deb1b23d913de5bdada721a6071e71283618
- name: github.com/inconshreveable/mousetrap
  version: 76626ae9c91c4f2a10f34cad8ce83ea42c93bb75
- name: github.com/jinzhu/gorm
  version: 6ed508ec6a4ecb3531899a69cbc746ccf65a4166
- name: github.com/jinzhu/inflection
  version: 04140366298a54a039076d798123ffa108fff46c
- name: github.com/juju/errors
  version: c7d06af17c68cd34c835053720b21f6549d9b0ee
- name: github.com/liudng/godump
  version: 5c7e73aafb211d86ecf8bc9b8e14edf7f15ab5c2
- name: github.com/mitchellh/go-homedir
  version: 3864e76763d94a6df2f9960b16a20a33da9f9a66
- name: github.com/outbrain/golib
  version: 2418949ac30d9933e7412ccce41f1aa2ae8d5ae8
  subpackages:
  - log
- name: github.com/spf13/cobra
  version: ef82de70bb3f60c65fb8eebacbb2d122ef517385
- name: github.com/spf13/pflag
  version: 3ebe029320b2676d667ae88da602a5f854788a8a
- name: github.com/spf13/viper
  version: b5e8006cbee93ec955a89ab31e0e3ce3204f3736
- name: google.golang.org/appengine
  version: b1f26356af11148e710935ed1ac8a7f5702c7612
  repo: https://github.com/golang/appengine
  vcs: git
  subpackages:
  - cloudsql
testImports: []
